
Microsoft Visual Studio Solution File, Format Version 12.00
# Visual Studio Version 16
VisualStudioVersion = 16.0.31829.152
MinimumVisualStudioVersion = 10.0.40219.1
Project("{FAE04EC0-301F-11D3-BF4B-00C04F79EFBC}") = "ACM.BL", "ACM.BL\ACM.BL.csproj", "{29241DEB-7865-405B-876D-D63F022EBB6B}"
EndProject
Project("{2150E333-8FDC-42A3-9474-1A3956D46DE8}") = "Tests", "Tests", "{A8FAC5B6-1C0A-4087-BCC0-30DB1308E052}"
EndProject
Project("{FAE04EC0-301F-11D3-BF4B-00C04F79EFBC}") = "ACM.BLTest", "Tests\ACM.BLTest\ACM.BLTest.csproj", "{8F127775-CEF9-4DC0-B3C7-9E37B68B8B92}"
EndProject
Global
	GlobalSection(SolutionConfigurationPlatforms) = preSolution
		Debug|Any CPU = Debug|Any CPU
		Release|Any CPU = Release|Any CPU
	EndGlobalSection
	GlobalSection(ProjectConfigurationPlatforms) = postSolution
		{29241DEB-7865-405B-876D-D63F022EBB6B}.Debug|Any CPU.ActiveCfg = Debug|Any CPU
		{29241DEB-7865-405B-876D-D63F022EBB6B}.Debug|Any CPU.Build.0 = Debug|Any CPU
		{29241DEB-7865-405B-876D-D63F022EBB6B}.Release|Any CPU.ActiveCfg = Release|Any CPU
		{29241DEB-7865-405B-876D-D63F022EBB6B}.Release|Any CPU.Build.0 = Release|Any CPU
		{8F127775-CEF9-4DC0-B3C7-9E37B68B8B92}.Debug|Any CPU.ActiveCfg = Debug|Any CPU
		{8F127775-CEF9-4DC0-B3C7-9E37B68B8B92}.Debug|Any CPU.Build.0 = Debug|Any CPU
		{8F127775-CEF9-4DC0-B3C7-9E37B68B8B92}.Release|Any CPU.ActiveCfg = Release|Any CPU
		{8F127775-CEF9-4DC0-B3C7-9E37B68B8B92}.Release|Any CPU.Build.0 = Release|Any CPU
	EndGlobalSection
	GlobalSection(SolutionProperties) = preSolution
		HideSolutionNode = FALSE
	EndGlobalSection
	GlobalSection(NestedProjects) = preSolution
		{8F127775-CEF9-4DC0-B3C7-9E37B68B8B92} = {A8FAC5B6-1C0A-4087-BCC0-30DB1308E052}
	EndGlobalSection
	GlobalSection(ExtensibilityGlobals) = postSolution
		SolutionGuid = {C4E514F3-FDED-4E4E-9693-D5D68F8FB193}
	EndGlobalSection
EndGlobal
